// !$*UTF8*$!
{
	archiveVersion = 1;
	classes = {
	};
	objectVersion = 48;
	objects = {

/* Begin PBXBuildFile section */
		A0341DF5225E51FB00680C4C /* AppDelegate.swift in Sources */ = {isa = PBXBuildFile; fileRef = A0341DF4225E51FB00680C4C /* AppDelegate.swift */; };
		A0341DF7225E51FB00680C4C /* ViewController.swift in Sources */ = {isa = PBXBuildFile; fileRef = A0341DF6225E51FB00680C4C /* ViewController.swift */; };
		A0341DFA225E51FB00680C4C /* Main.storyboard in Resources */ = {isa = PBXBuildFile; fileRef = A0341DF8225E51FB00680C4C /* Main.storyboard */; };
		A0341DFC225E51FB00680C4C /* Assets.xcassets in Resources */ = {isa = PBXBuildFile; fileRef = A0341DFB225E51FB00680C4C /* Assets.xcassets */; };
		A0341DFF225E51FB00680C4C /* LaunchScreen.storyboard in Resources */ = {isa = PBXBuildFile; fileRef = A0341DFD225E51FB00680C4C /* LaunchScreen.storyboard */; };
		A0341E0A225E51FB00680C4C /* TouchTrackerTests.swift in Sources */ = {isa = PBXBuildFile; fileRef = A0341E09225E51FB00680C4C /* TouchTrackerTests.swift */; };
		A0341E15225E51FB00680C4C /* TouchTrackerUITests.swift in Sources */ = {isa = PBXBuildFile; fileRef = A0341E14225E51FB00680C4C /* TouchTrackerUITests.swift */; };
/* End PBXBuildFile section */

/* Begin PBXContainerItemProxy section */
		A0341E06225E51FB00680C4C /* PBXContainerItemProxy */ = {
			isa = PBXContainerItemProxy;
			containerPortal = A0341DE9225E51FB00680C4C /* Project object */;
			proxyType = 1;
			remoteGlobalIDString = A0341DF0225E51FB00680C4C;
			remoteInfo = TouchTracker;
		};
		A0341E11225E51FB00680C4C /* PBXContainerItemProxy */ = {
			isa = PBXContainerItemProxy;
			containerPortal = A0341DE9225E51FB00680C4C /* Project object */;
			proxyType = 1;
			remoteGlobalIDString = A0341DF0225E51FB00680C4C;
			remoteInfo = TouchTracker;
		};
/* End PBXContainerItemProxy section */

/* Begin PBXFileReference section */
		A0341DF1225E51FB00680C4C /* TouchTracker.app */ = {isa = PBXFileReference; explicitFileType = wrapper.application; includeInIndex = 0; path = TouchTracker.app; sourceTree = BUILT_PRODUCTS_DIR; };
		A0341DF4225E51FB00680C4C /* AppDelegate.swift */ = {isa = PBXFileReference; lastKnownFileType = sourcecode.swift; path = AppDelegate.swift; sourceTree = "<group>"; };
		A0341DF6225E51FB00680C4C /* ViewController.swift */ = {isa = PBXFileReference; lastKnownFileType = sourcecode.swift; path = ViewController.swift; sourceTree = "<group>"; };
		A0341DF9225E51FB00680C4C /* Base */ = {isa = PBXFileReference; lastKnownFileType = file.storyboard; name = Base; path = Base.lproj/Main.storyboard; sourceTree = "<group>"; };
		A0341DFB225E51FB00680C4C /* Assets.xcassets */ = {isa = PBXFileReference; lastKnownFileType = folder.assetcatalog; path = Assets.xcassets; sourceTree = "<group>"; };
		A0341DFE225E51FB00680C4C /* Base */ = {isa = PBXFileReference; lastKnownFileType = file.storyboard; name = Base; path = Base.lproj/LaunchScreen.storyboard; sourceTree = "<group>"; };
		A0341E00225E51FB00680C4C /* Info.plist */ = {isa = PBXFileReference; lastKnownFileType = text.plist.xml; path = Info.plist; sourceTree = "<group>"; };
		A0341E05225E51FB00680C4C /* TouchTrackerTests.xctest */ = {isa = PBXFileReference; explicitFileType = wrapper.cfbundle; includeInIndex = 0; path = TouchTrackerTests.xctest; sourceTree = BUILT_PRODUCTS_DIR; };
		A0341E09225E51FB00680C4C /* TouchTrackerTests.swift */ = {isa = PBXFileReference; lastKnownFileType = sourcecode.swift; path = TouchTrackerTests.swift; sourceTree = "<group>"; };
		A0341E0B225E51FB00680C4C /* Info.plist */ = {isa = PBXFileReference; lastKnownFileType = text.plist.xml; path = Info.plist; sourceTree = "<group>"; };
		A0341E10225E51FB00680C4C /* TouchTrackerUITests.xctest */ = {isa = PBXFileReference; explicitFileType = wrapper.cfbundle; includeInIndex = 0; path = TouchTrackerUITests.xctest; sourceTree = BUILT_PRODUCTS_DIR; };
		A0341E14225E51FB00680C4C /* TouchTrackerUITests.swift */ = {isa = PBXFileReference; lastKnownFileType = sourcecode.swift; path = TouchTrackerUITests.swift; sourceTree = "<group>"; };
		A0341E16225E51FB00680C4C /* Info.plist */ = {isa = PBXFileReference; lastKnownFileType = text.plist.xml; path = Info.plist; sourceTree = "<group>"; };
/* End PBXFileReference section */

/* Begin PBXFrameworksBuildPhase section */
		A0341DEE225E51FB00680C4C /* Frameworks */ = {
			isa = PBXFrameworksBuildPhase;
			buildActionMask = 2147483647;
			files = (
			);
			runOnlyForDeploymentPostprocessing = 0;
		};
		A0341E02225E51FB00680C4C /* Frameworks */ = {
			isa = PBXFrameworksBuildPhase;
			buildActionMask = 2147483647;
			files = (
			);
			runOnlyForDeploymentPostprocessing = 0;
		};
		A0341E0D225E51FB00680C4C /* Frameworks */ = {
			isa = PBXFrameworksBuildPhase;
			buildActionMask = 2147483647;
			files = (
			);
			runOnlyForDeploymentPostprocessing = 0;
		};
/* End PBXFrameworksBuildPhase section */

/* Begin PBXGroup section */
		A0341DE8225E51FB00680C4C = {
			isa = PBXGroup;
			children = (
				A0341DF3225E51FB00680C4C /* TouchTracker */,
				A0341E08225E51FB00680C4C /* TouchTrackerTests */,
				A0341E13225E51FB00680C4C /* TouchTrackerUITests */,
				A0341DF2225E51FB00680C4C /* Products */,
			);
			sourceTree = "<group>";
		};
		A0341DF2225E51FB00680C4C /* Products */ = {
			isa = PBXGroup;
			children = (
				A0341DF1225E51FB00680C4C /* TouchTracker.app */,
				A0341E05225E51FB00680C4C /* TouchTrackerTests.xctest */,
				A0341E10225E51FB00680C4C /* TouchTrackerUITests.xctest */,
			);
			name = Products;
			sourceTree = "<group>";
		};
		A0341DF3225E51FB00680C4C /* TouchTracker */ = {
			isa = PBXGroup;
			children = (
				A0341DF4225E51FB00680C4C /* AppDelegate.swift */,
				A0341DF6225E51FB00680C4C /* ViewController.swift */,
				A0341DF8225E51FB00680C4C /* Main.storyboard */,
				A0341DFB225E51FB00680C4C /* Assets.xcassets */,
				A0341DFD225E51FB00680C4C /* LaunchScreen.storyboard */,
				A0341E00225E51FB00680C4C /* Info.plist */,
			);
			path = TouchTracker;
			sourceTree = "<group>";
		};
		A0341E08225E51FB00680C4C /* TouchTrackerTests */ = {
			isa = PBXGroup;
			children = (
				A0341E09225E51FB00680C4C /* TouchTrackerTests.swift */,
				A0341E0B225E51FB00680C4C /* Info.plist */,
			);
			path = TouchTrackerTests;
			sourceTree = "<group>";
		};
		A0341E13225E51FB00680C4C /* TouchTrackerUITests */ = {
			isa = PBXGroup;
			children = (
				A0341E14225E51FB00680C4C /* TouchTrackerUITests.swift */,
				A0341E16225E51FB00680C4C /* Info.plist */,
			);
			path = TouchTrackerUITests;
			sourceTree = "<group>";
		};
/* End PBXGroup section */

/* Begin PBXNativeTarget section */
		A0341DF0225E51FB00680C4C /* TouchTracker */ = {
			isa = PBXNativeTarget;
			buildConfigurationList = A0341E19225E51FB00680C4C /* Build configuration list for PBXNativeTarget "TouchTracker" */;
			buildPhases = (
				A0341DED225E51FB00680C4C /* Sources */,
				A0341DEE225E51FB00680C4C /* Frameworks */,
				A0341DEF225E51FB00680C4C /* Resources */,
			);
			buildRules = (
			);
			dependencies = (
			);
			name = TouchTracker;
			productName = TouchTracker;
			productReference = A0341DF1225E51FB00680C4C /* TouchTracker.app */;
			productType = "com.apple.product-type.application";
		};
		A0341E04225E51FB00680C4C /* TouchTrackerTests */ = {
			isa = PBXNativeTarget;
			buildConfigurationList = A0341E1C225E51FB00680C4C /* Build configuration list for PBXNativeTarget "TouchTrackerTests" */;
			buildPhases = (
				A0341E01225E51FB00680C4C /* Sources */,
				A0341E02225E51FB00680C4C /* Frameworks */,
				A0341E03225E51FB00680C4C /* Resources */,
			);
			buildRules = (
			);
			dependencies = (
				A0341E07225E51FB00680C4C /* PBXTargetDependency */,
			);
			name = TouchTrackerTests;
			productName = TouchTrackerTests;
			productReference = A0341E05225E51FB00680C4C /* TouchTrackerTests.xctest */;
			productType = "com.apple.product-type.bundle.unit-test";
		};
		A0341E0F225E51FB00680C4C /* TouchTrackerUITests */ = {
			isa = PBXNativeTarget;
			buildConfigurationList = A0341E1F225E51FB00680C4C /* Build configuration list for PBXNativeTarget "TouchTrackerUITests" */;
			buildPhases = (
				A0341E0C225E51FB00680C4C /* Sources */,
				A0341E0D225E51FB00680C4C /* Frameworks */,
				A0341E0E225E51FB00680C4C /* Resources */,
			);
			buildRules = (
			);
			dependencies = (
				A0341E12225E51FB00680C4C /* PBXTargetDependency */,
			);
			name = TouchTrackerUITests;
			productName = TouchTrackerUITests;
			productReference = A0341E10225E51FB00680C4C /* TouchTrackerUITests.xctest */;
			productType = "com.apple.product-type.bundle.ui-testing";
		};
/* End PBXNativeTarget section */

/* Begin PBXProject section */
		A0341DE9225E51FB00680C4C /* Project object */ = {
			isa = PBXProject;
			attributes = {
				LastSwiftUpdateCheck = 0920;
				LastUpgradeCheck = 0920;
				ORGANIZATIONNAME = "Savannah Stoughton";
				TargetAttributes = {
					A0341DF0225E51FB00680C4C = {
						CreatedOnToolsVersion = 9.2;
						ProvisioningStyle = Automatic;
					};
					A0341E04225E51FB00680C4C = {
						CreatedOnToolsVersion = 9.2;
						ProvisioningStyle = Automatic;
						TestTargetID = A0341DF0225E51FB00680C4C;
					};
					A0341E0F225E51FB00680C4C = {
						CreatedOnToolsVersion = 9.2;
						ProvisioningStyle = Automatic;
						TestTargetID = A0341DF0225E51FB00680C4C;
					};
				};
			};
			buildConfigurationList = A0341DEC225E51FB00680C4C /* Build configuration list for PBXProject "TouchTracker" */;
			compatibilityVersion = "Xcode 8.0";
			developmentRegion = en;
			hasScannedForEncodings = 0;
			knownRegions = (
				en,
				Base,
			);
			mainGroup = A0341DE8225E51FB00680C4C;
			productRefGroup = A0341DF2225E51FB00680C4C /* Products */;
			projectDirPath = "";
			projectRoot = "";
			targets = (
				A0341DF0225E51FB00680C4C /* TouchTracker */,
				A0341E04225E51FB00680C4C /* TouchTrackerTests */,
				A0341E0F225E51FB00680C4C /* TouchTrackerUITests */,
			);
		};
/* End PBXProject section */

/* Begin PBXResourcesBuildPhase section */
		A0341DEF225E51FB00680C4C /* Resources */ = {
			isa = PBXResourcesBuildPhase;
			buildActionMask = 2147483647;
			files = (
				A0341DFF225E51FB00680C4C /* LaunchScreen.storyboard in Resources */,
				A0341DFC225E51FB00680C4C /* Assets.xcassets in Resources */,
				A0341DFA225E51FB00680C4C /* Main.storyboard in Resources */,
			);
			runOnlyForDeploymentPostprocessing = 0;
		};
		A0341E03225E51FB00680C4C /* Resources */ = {
			isa = PBXResourcesBuildPhase;
			buildActionMask = 2147483647;
			files = (
			);
			runOnlyForDeploymentPostprocessing = 0;
		};
		A0341E0E225E51FB00680C4C /* Resources */ = {
			isa = PBXResourcesBuildPhase;
			buildActionMask = 2147483647;
			files = (
			);
			runOnlyForDeploymentPostprocessing = 0;
		};
/* End PBXResourcesBuildPhase section */

/* Begin PBXSourcesBuildPhase section */
		A0341DED225E51FB00680C4C /* Sources */ = {
			isa = PBXSourcesBuildPhase;
			buildActionMask = 2147483647;
			files = (
				A0341DF7225E51FB00680C4C /* ViewController.swift in Sources */,
				A0341DF5225E51FB00680C4C /* AppDelegate.swift in Sources */,
			);
			runOnlyForDeploymentPostprocessing = 0;
		};
		A0341E01225E51FB00680C4C /* Sources */ = {
			isa = PBXSourcesBuildPhase;
			buildActionMask = 2147483647;
			files = (
				A0341E0A225E51FB00680C4C /* TouchTrackerTests.swift in Sources */,
			);
			runOnlyForDeploymentPostprocessing = 0;
		};
		A0341E0C225E51FB00680C4C /* Sources */ = {
			isa = PBXSourcesBuildPhase;
			buildActionMask = 2147483647;
			files = (
				A0341E15225E51FB00680C4C /* TouchTrackerUITests.swift in Sources */,
			);
			runOnlyForDeploymentPostprocessing = 0;
		};
/* End PBXSourcesBuildPhase section */

/* Begin PBXTargetDependency section */
		A0341E07225E51FB00680C4C /* PBXTargetDependency */ = {
			isa = PBXTargetDependency;
			target = A0341DF0225E51FB00680C4C /* TouchTracker */;
			targetProxy = A0341E06225E51FB00680C4C /* PBXContainerItemProxy */;
		};
		A0341E12225E51FB00680C4C /* PBXTargetDependency */ = {
			isa = PBXTargetDependency;
			target = A0341DF0225E51FB00680C4C /* TouchTracker */;
			targetProxy = A0341E11225E51FB00680C4C /* PBXContainerItemProxy */;
		};
/* End PBXTargetDependency section */

/* Begin PBXVariantGroup section */
		A0341DF8225E51FB00680C4C /* Main.storyboard */ = {
			isa = PBXVariantGroup;
			children = (
				A0341DF9225E51FB00680C4C /* Base */,
			);
			name = Main.storyboard;
			sourceTree = "<group>";
		};
		A0341DFD225E51FB00680C4C /* LaunchScreen.storyboard */ = {
			isa = PBXVariantGroup;
			children = (
				A0341DFE225E51FB00680C4C /* Base */,
			);
			name = LaunchScreen.storyboard;
			sourceTree = "<group>";
		};
/* End PBXVariantGroup section */

/* Begin XCBuildConfiguration section */
		A0341E17225E51FB00680C4C /* Debug */ = {
			isa = XCBuildConfiguration;
			buildSettings = {
				ALWAYS_SEARCH_USER_PATHS = NO;
				CLANG_ANALYZER_NONNULL = YES;
				CLANG_ANALYZER_NUMBER_OBJECT_CONVERSION = YES_AGGRESSIVE;
				CLANG_CXX_LANGUAGE_STANDARD = "gnu++14";
				CLANG_CXX_LIBRARY = "libc++";
				CLANG_ENABLE_MODULES = YES;
				CLANG_ENABLE_OBJC_ARC = YES;
				CLANG_WARN_BLOCK_CAPTURE_AUTORELEASING = YES;
				CLANG_WARN_BOOL_CONVERSION = YES;
				CLANG_WARN_COMMA = YES;
				CLANG_WARN_CONSTANT_CONVERSION = YES;
				CLANG_WARN_DIRECT_OBJC_ISA_USAGE = YES_ERROR;
				CLANG_WARN_DOCUMENTATION_COMMENTS = YES;
				CLANG_WARN_EMPTY_BODY = YES;
				CLANG_WARN_ENUM_CONVERSION = YES;
				CLANG_WARN_INFINITE_RECURSION = YES;
				CLANG_WARN_INT_CONVERSION = YES;
				CLANG_WARN_NON_LITERAL_NULL_CONVERSION = YES;
				CLANG_WARN_OBJC_LITERAL_CONVERSION = YES;
				CLANG_WARN_OBJC_ROOT_CLASS = YES_ERROR;
				CLANG_WARN_RANGE_LOOP_ANALYSIS = YES;
				CLANG_WARN_STRICT_PROTOTYPES = YES;
				CLANG_WARN_SUSPICIOUS_MOVE = YES;
				CLANG_WARN_UNGUARDED_AVAILABILITY = YES_AGGRESSIVE;
				CLANG_WARN_UNREACHABLE_CODE = YES;
				CLANG_WARN__DUPLICATE_METHOD_MATCH = YES;
				CODE_SIGN_IDENTITY = "iPhone Developer";
				COPY_PHASE_STRIP = NO;
				DEBUG_INFORMATION_FORMAT = dwarf;
				ENABLE_STRICT_OBJC_MSGSEND = YES;
				ENABLE_TESTABILITY = YES;
				GCC_C_LANGUAGE_STANDARD = gnu11;
				GCC_DYNAMIC_NO_PIC = NO;
				GCC_NO_COMMON_BLOCKS = YES;
				GCC_OPTIMIZATION_LEVEL = 0;
				GCC_PREPROCESSOR_DEFINITIONS = (
					"DEBUG=1",
					"$(inherited)",
				);
				GCC_WARN_64_TO_32_BIT_CONVERSION = YES;
				GCC_WARN_ABOUT_RETURN_TYPE = YES_ERROR;
				GCC_WARN_UNDECLARED_SELECTOR = YES;
				GCC_WARN_UNINITIALIZED_AUTOS = YES_AGGRESSIVE;
				GCC_WARN_UNUSED_FUNCTION = YES;
				GCC_WARN_UNUSED_VARIABLE = YES;
				IPHONEOS_DEPLOYMENT_TARGET = 11.2;
				MTL_ENABLE_DEBUG_INFO = YES;
				ONLY_ACTIVE_ARCH = YES;
				SDKROOT = iphoneos;
				SWIFT_ACTIVE_COMPILATION_CONDITIONS = DEBUG;
				SWIFT_OPTIMIZATION_LEVEL = "-Onone";
			};
			name = Debug;
		};
		A0341E18225E51FB00680C4C /* Release */ = {
			isa = XCBuildConfiguration;
			buildSettings = {
				ALWAYS_SEARCH_USER_PATHS = NO;
				CLANG_ANALYZER_NONNULL = YES;
				CLANG_ANALYZER_NUMBER_OBJECT_CONVERSION = YES_AGGRESSIVE;
				CLANG_CXX_LANGUAGE_STANDARD = "gnu++14";
				CLANG_CXX_LIBRARY = "libc++";
				CLANG_ENABLE_MODULES = YES;
				CLANG_ENABLE_OBJC_ARC = YES;
				CLANG_WARN_BLOCK_CAPTURE_AUTORELEASING = YES;
				CLANG_WARN_BOOL_CONVERSION = YES;
				CLANG_WARN_COMMA = YES;
				CLANG_WARN_CONSTANT_CONVERSION = YES;
				CLANG_WARN_DIRECT_OBJC_ISA_USAGE = YES_ERROR;
				CLANG_WARN_DOCUMENTATION_COMMENTS = YES;
				CLANG_WARN_EMPTY_BODY = YES;
				CLANG_WARN_ENUM_CONVERSION = YES;
				CLANG_WARN_INFINITE_RECURSION = YES;
				CLANG_WARN_INT_CONVERSION = YES;
				CLANG_WARN_NON_LITERAL_NULL_CONVERSION = YES;
				CLANG_WARN_OBJC_LITERAL_CONVERSION = YES;
				CLANG_WARN_OBJC_ROOT_CLASS = YES_ERROR;
				CLANG_WARN_RANGE_LOOP_ANALYSIS = YES;
				CLANG_WARN_STRICT_PROTOTYPES = YES;
				CLANG_WARN_SUSPICIOUS_MOVE = YES;
				CLANG_WARN_UNGUARDED_AVAILABILITY = YES_AGGRESSIVE;
				CLANG_WARN_UNREACHABLE_CODE = YES;
				CLANG_WARN__DUPLICATE_METHOD_MATCH = YES;
				CODE_SIGN_IDENTITY = "iPhone Developer";
				COPY_PHASE_STRIP = NO;
				DEBUG_INFORMATION_FORMAT = "dwarf-with-dsym";
				ENABLE_NS_ASSERTIONS = NO;
				ENABLE_STRICT_OBJC_MSGSEND = YES;
				GCC_C_LANGUAGE_STANDARD = gnu11;
				GCC_NO_COMMON_BLOCKS = YES;
				GCC_WARN_64_TO_32_BIT_CONVERSION = YES;
				GCC_WARN_ABOUT_RETURN_TYPE = YES_ERROR;
				GCC_WARN_UNDECLARED_SELECTOR = YES;
				GCC_WARN_UNINITIALIZED_AUTOS = YES_AGGRESSIVE;
				GCC_WARN_UNUSED_FUNCTION = YES;
				GCC_WARN_UNUSED_VARIABLE = YES;
				IPHONEOS_DEPLOYMENT_TARGET = 11.2;
				MTL_ENABLE_DEBUG_INFO = NO;
				SDKROOT = iphoneos;
				SWIFT_OPTIMIZATION_LEVEL = "-Owholemodule";
				VALIDATE_PRODUCT = YES;
			};
			name = Release;
		};
		A0341E1A225E51FB00680C4C /* Debug */ = {
			isa = XCBuildConfiguration;
			buildSettings = {
				ASSETCATALOG_COMPILER_APPICON_NAME = AppIcon;
				CODE_SIGN_STYLE = Automatic;
				INFOPLIST_FILE = TouchTracker/Info.plist;
				LD_RUNPATH_SEARCH_PATHS = "$(inherited) @executable_path/Frameworks";
				PRODUCT_BUNDLE_IDENTIFIER = HPU.TouchTracker;
				PRODUCT_NAME = "$(TARGET_NAME)";
				SWIFT_VERSION = 4.0;
				TARGETED_DEVICE_FAMILY = "1,2";
			};
			name = Debug;
		};
		A0341E1B225E51FB00680C4C /* Release */ = {
			isa = XCBuildConfiguration;
			buildSettings = {
				ASSETCATALOG_COMPILER_APPICON_NAME = AppIcon;
				CODE_SIGN_STYLE = Automatic;
				INFOPLIST_FILE = TouchTracker/Info.plist;
				LD_RUNPATH_SEARCH_PATHS = "$(inherited) @executable_path/Frameworks";
				PRODUCT_BUNDLE_IDENTIFIER = HPU.TouchTracker;
				PRODUCT_NAME = "$(TARGET_NAME)";
				SWIFT_VERSION = 4.0;
				TARGETED_DEVICE_FAMILY = "1,2";
			};
			name = Release;
		};
		A0341E1D225E51FB00680C4C /* Debug */ = {
			isa = XCBuildConfiguration;
			buildSettings = {
				ALWAYS_EMBED_SWIFT_STANDARD_LIBRARIES = YES;
				BUNDLE_LOADER = "$(TEST_HOST)";
				CODE_SIGN_STYLE = Automatic;
				INFOPLIST_FILE = TouchTrackerTests/Info.plist;
				LD_RUNPATH_SEARCH_PATHS = "$(inherited) @executable_path/Frameworks @loader_path/Frameworks";
				PRODUCT_BUNDLE_IDENTIFIER = HPU.TouchTrackerTests;
				PRODUCT_NAME = "$(TARGET_NAME)";
				SWIFT_VERSION = 4.0;
				TARGETED_DEVICE_FAMILY = "1,2";
				TEST_HOST = "$(BUILT_PRODUCTS_DIR)/TouchTracker.app/TouchTracker";
			};
			name = Debug;
		};
		A0341E1E225E51FB00680C4C /* Release */ = {
			isa = XCBuildConfiguration;
			buildSettings = {
				ALWAYS_EMBED_SWIFT_STANDARD_LIBRARIES = YES;
				BUNDLE_LOADER = "$(TEST_HOST)";
				CODE_SIGN_STYLE = Automatic;
				INFOPLIST_FILE = TouchTrackerTests/Info.plist;
				LD_RUNPATH_SEARCH_PATHS = "$(inherited) @executable_path/Frameworks @loader_path/Frameworks";
				PRODUCT_BUNDLE_IDENTIFIER = HPU.TouchTrackerTests;
				PRODUCT_NAME = "$(TARGET_NAME)";
				SWIFT_VERSION = 4.0;
				TARGETED_DEVICE_FAMILY = "1,2";
				TEST_HOST = "$(BUILT_PRODUCTS_DIR)/TouchTracker.app/TouchTracker";
			};
			name = Release;
		};
		A0341E20225E51FB00680C4C /* Debug */ = {
			isa = XCBuildConfiguration;
			buildSettings = {
				ALWAYS_EMBED_SWIFT_STANDARD_LIBRARIES = YES;
				CODE_SIGN_STYLE = Automatic;
				INFOPLIST_FILE = TouchTrackerUITests/Info.plist;
				LD_RUNPATH_SEARCH_PATHS = "$(inherited) @executable_path/Frameworks @loader_path/Frameworks";
				PRODUCT_BUNDLE_IDENTIFIER = HPU.TouchTrackerUITests;
				PRODUCT_NAME = "$(TARGET_NAME)";
				SWIFT_VERSION = 4.0;
				TARGETED_DEVICE_FAMILY = "1,2";
				TEST_TARGET_NAME = TouchTracker;
			};
			name = Debug;
		};
		A0341E21225E51FB00680C4C /* Release */ = {
			isa = XCBuildConfiguration;
			buildSettings = {
				ALWAYS_EMBED_SWIFT_STANDARD_LIBRARIES = YES;
				CODE_SIGN_STYLE = Automatic;
				INFOPLIST_FILE = TouchTrackerUITests/Info.plist;
				LD_RUNPATH_SEARCH_PATHS = "$(inherited) @executable_path/Frameworks @loader_path/Frameworks";
				PRODUCT_BUNDLE_IDENTIFIER = HPU.TouchTrackerUITests;
				PRODUCT_NAME = "$(TARGET_NAME)";
				SWIFT_VERSION = 4.0;
				TARGETED_DEVICE_FAMILY = "1,2";
				TEST_TARGET_NAME = TouchTracker;
			};
			name = Release;
		};
/* End XCBuildConfiguration section */

/* Begin XCConfigurationList section */
		A0341DEC225E51FB00680C4C /* Build configuration list for PBXProject "TouchTracker" */ = {
			isa = XCConfigurationList;
			buildConfigurations = (
				A0341E17225E51FB00680C4C /* Debug */,
				A0341E18225E51FB00680C4C /* Release */,
			);
			defaultConfigurationIsVisible = 0;
			defaultConfigurationName = Release;
		};
		A0341E19225E51FB00680C4C /* Build configuration list for PBXNativeTarget "TouchTracker" */ = {
			isa = XCConfigurationList;
			buildConfigurations = (
				A0341E1A225E51FB00680C4C /* Debug */,
				A0341E1B225E51FB00680C4C /* Release */,
			);
			defaultConfigurationIsVisible = 0;
			defaultConfigurationName = Release;
		};
		A0341E1C225E51FB00680C4C /* Build configuration list for PBXNativeTarget "TouchTrackerTests" */ = {
			isa = XCConfigurationList;
			buildConfigurations = (
				A0341E1D225E51FB00680C4C /* Debug */,
				A0341E1E225E51FB00680C4C /* Release */,
			);
			defaultConfigurationIsVisible = 0;
			defaultConfigurationName = Release;
		};
		A0341E1F225E51FB00680C4C /* Build configuration list for PBXNativeTarget "TouchTrackerUITests" */ = {
			isa = XCConfigurationList;
			buildConfigurations = (
				A0341E20225E51FB00680C4C /* Debug */,
				A0341E21225E51FB00680C4C /* Release */,
			);
			defaultConfigurationIsVisible = 0;
			defaultConfigurationName = Release;
		};
/* End XCConfigurationList section */
	};
	rootObject = A0341DE9225E51FB00680C4C /* Project object */;
}
